
Microsoft Visual Studio Solution File, Format Version 12.00
# Visual Studio 15
Project("{FAE04EC0-301F-11D3-BF4B-00C04F79EFBC}") = "UnityEngine.TestRunner", "UnityEngine.TestRunner.csproj", "{E2418024-CF04-AA7A-4739-94D391A24154}"
EndProject
Project("{FAE04EC0-301F-11D3-BF4B-00C04F79EFBC}") = "Unity.Mathematics", "Unity.Mathematics.csproj", "{8B977068-4459-DE5A-857A-6A56933F3F3D}"
EndProject
Project("{FAE04EC0-301F-11D3-BF4B-00C04F79EFBC}") = "Unity.2D.Animation.Triangle.Runtime", "Unity.2D.Animation.Triangle.Runtime.csproj", "{5864AB05-EBB8-EEB5-2AE6-1C3B021D736B}"
EndProject
Project("{FAE04EC0-301F-11D3-BF4B-00C04F79EFBC}") = "Unity.Timeline", "Unity.Timeline.csproj", "{C98D536C-08F1-78BF-3C81-CF3E31B05167}"
EndProject
Project("{FAE04EC0-301F-11D3-BF4B-00C04F79EFBC}") = "UnityEngine.UI", "UnityEngine.UI.csproj", "{9E22D312-D8C8-0635-081D-CEBCC4687F4F}"
EndProject
Project("{FAE04EC0-301F-11D3-BF4B-00C04F79EFBC}") = "Unity.TextMeshPro", "Unity.TextMeshPro.csproj", "{DEFD000F-BBF6-27F2-B595-9951D540DB22}"
EndProject
Project("{FAE04EC0-301F-11D3-BF4B-00C04F79EFBC}") = "Scripts", "Scripts.csproj", "{70D021AE-BFF6-F5BC-74AE-8D90FCB294BA}"
EndProject
Project("{FAE04EC0-301F-11D3-BF4B-00C04F79EFBC}") = "Unity.2D.Animation.Runtime", "Unity.2D.Animation.Runtime.csproj", "{E5557D26-69CF-931A-BF8D-D92BA6A9F42D}"
EndProject
Project("{FAE04EC0-301F-11D3-BF4B-00C04F79EFBC}") = "Assembly-CSharp", "Assembly-CSharp.csproj", "{79786AA4-E235-9FD2-DAB3-1CBEE4FC3805}"
EndProject
Project("{FAE04EC0-301F-11D3-BF4B-00C04F79EFBC}") = "Unity.2D.IK.Runtime", "Unity.2D.IK.Runtime.csproj", "{F6086C35-2265-3BD8-491A-92387B141710}"
EndProject
Project("{FAE04EC0-301F-11D3-BF4B-00C04F79EFBC}") = "Unity.2D.SpriteShape.Runtime", "Unity.2D.SpriteShape.Runtime.csproj", "{8D32A017-C8C7-EE73-46E9-1EDF77F0CC2A}"
EndProject
Project("{FAE04EC0-301F-11D3-BF4B-00C04F79EFBC}") = "Unity.2D.PixelPerfect", "Unity.2D.PixelPerfect.csproj", "{82483B33-A7A8-D018-263B-4850503BB5FC}"
EndProject
Project("{FAE04EC0-301F-11D3-BF4B-00C04F79EFBC}") = "Unity.2D.Common.Runtime", "Unity.2D.Common.Runtime.csproj", "{B5527AFF-371E-4220-D919-300598EFC601}"
EndProject
Project("{FAE04EC0-301F-11D3-BF4B-00C04F79EFBC}") = "Unity.InternalAPIEngineBridge.001", "Unity.InternalAPIEngineBridge.001.csproj", "{89234E0B-7256-1D4C-427A-98088304B334}"
EndProject
Project("{FAE04EC0-301F-11D3-BF4B-00C04F79EFBC}") = "Unity.2D.Animation.Editor", "Unity.2D.Animation.Editor.csproj", "{E99A755B-0A3A-2845-6737-B44AC38C232F}"
EndProject
Project("{FAE04EC0-301F-11D3-BF4B-00C04F79EFBC}") = "UnityEditor.TestRunner", "UnityEditor.TestRunner.csproj", "{D07094CA-DB5E-337A-489D-7B16AF10A06A}"
EndProject
Project("{FAE04EC0-301F-11D3-BF4B-00C04F79EFBC}") = "Unity.PlasticSCM.Editor", "Unity.PlasticSCM.Editor.csproj", "{B85202C7-54FF-4AE8-04E6-F6182FF8F8A6}"
EndProject
Project("{FAE04EC0-301F-11D3-BF4B-00C04F79EFBC}") = "UnityEditor.UI", "UnityEditor.UI.csproj", "{F9870779-D792-DA31-C21E-492DCD2637ED}"
EndProject
Project("{FAE04EC0-301F-11D3-BF4B-00C04F79EFBC}") = "Unity.Services.Core.Editor", "Unity.Services.Core.Editor.csproj", "{49C81C52-F497-CF67-F235-F38E324B6B80}"
EndProject
Project("{FAE04EC0-301F-11D3-BF4B-00C04F79EFBC}") = "Unity.Timeline.Editor", "Unity.Timeline.Editor.csproj", "{AEE871C4-1A1B-BBDE-42DF-6CBD0FFBEA6E}"
EndProject
Project("{FAE04EC0-301F-11D3-BF4B-00C04F79EFBC}") = "Unity.VisualStudio.Editor", "Unity.VisualStudio.Editor.csproj", "{13FC425A-9A5F-D535-DE23-A08756CB2076}"
EndProject
Project("{FAE04EC0-301F-11D3-BF4B-00C04F79EFBC}") = "Unity.2D.Psdimporter.Editor", "Unity.2D.Psdimporter.Editor.csproj", "{7299F2E8-B56F-AD5D-E1DB-5A7A47015F06}"
EndProject
Project("{FAE04EC0-301F-11D3-BF4B-00C04F79EFBC}") = "Unity.TextMeshPro.Editor", "Unity.TextMeshPro.Editor.csproj", "{56CD8A4A-ADE5-6509-E348-5D1F4E1CDC42}"
EndProject
Project("{FAE04EC0-301F-11D3-BF4B-00C04F79EFBC}") = "Unity.2D.SpriteShape.Editor", "Unity.2D.SpriteShape.Editor.csproj", "{1DDD1FE8-C03F-59A4-2967-EFB809E75223}"
EndProject
Project("{FAE04EC0-301F-11D3-BF4B-00C04F79EFBC}") = "Unity.CollabProxy.Editor", "Unity.CollabProxy.Editor.csproj", "{0B3C8AA9-0441-3931-9CB0-2BB98FCAD0E9}"
EndProject
Project("{FAE04EC0-301F-11D3-BF4B-00C04F79EFBC}") = "PsdPlugin", "PsdPlugin.csproj", "{7F5BD2DA-4615-27AF-E028-0E6D2F3A5448}"
EndProject
Project("{FAE04EC0-301F-11D3-BF4B-00C04F79EFBC}") = "Unity.2D.Path.Editor", "Unity.2D.Path.Editor.csproj", "{C422C027-94C5-6E05-5238-894F023EAE20}"
EndProject
Project("{FAE04EC0-301F-11D3-BF4B-00C04F79EFBC}") = "Unity.Rider.Editor", "Unity.Rider.Editor.csproj", "{F7475070-0B06-5611-EA48-9CC238C90D26}"
EndProject
Project("{FAE04EC0-301F-11D3-BF4B-00C04F79EFBC}") = "Unity.2D.IK.Editor", "Unity.2D.IK.Editor.csproj", "{516EFD71-2B46-A27D-4A44-BD031754E982}"
EndProject
Project("{FAE04EC0-301F-11D3-BF4B-00C04F79EFBC}") = "Unity.2D.Sprite.Editor", "Unity.2D.Sprite.Editor.csproj", "{FC2E9AFB-DA2A-6020-6C41-349C20756AB3}"
EndProject
Project("{FAE04EC0-301F-11D3-BF4B-00C04F79EFBC}") = "Unity.2D.Tilemap.Editor", "Unity.2D.Tilemap.Editor.csproj", "{76633532-10E4-838F-46EB-7B7BD7516116}"
EndProject
Project("{FAE04EC0-301F-11D3-BF4B-00C04F79EFBC}") = "Unity.2D.PixelPerfect.Editor", "Unity.2D.PixelPerfect.Editor.csproj", "{DEDBAD39-8661-6D5E-2C7E-7C1ADF9B3177}"
EndProject
Project("{FAE04EC0-301F-11D3-BF4B-00C04F79EFBC}") = "Unity.VSCode.Editor", "Unity.VSCode.Editor.csproj", "{38784D4C-BC3D-BC32-987C-853EABDB481A}"
EndProject
Project("{FAE04EC0-301F-11D3-BF4B-00C04F79EFBC}") = "Unity.2D.Common.Editor", "Unity.2D.Common.Editor.csproj", "{6D87682A-983D-5F21-E757-2B8A5EE3A67E}"
EndProject
Project("{FAE04EC0-301F-11D3-BF4B-00C04F79EFBC}") = "Unity.Mathematics.Editor", "Unity.Mathematics.Editor.csproj", "{03F4BD65-83FC-F9A5-173C-C086FE2D8CA8}"
EndProject
Project("{FAE04EC0-301F-11D3-BF4B-00C04F79EFBC}") = "Unity.InternalAPIEditorBridge.001", "Unity.InternalAPIEditorBridge.001.csproj", "{E1FC33A9-F208-47F7-92F2-7C4BBF206252}"
EndProject
Project("{FAE04EC0-301F-11D3-BF4B-00C04F79EFBC}") = "EditMode", "EditMode.csproj", "{C7F13DD2-988F-5A40-2084-75DC70E2372D}"
EndProject
Project("{FAE04EC0-301F-11D3-BF4B-00C04F79EFBC}") = "UnityEngine.TestRunner", "UnityEngine.TestRunner.Player.csproj", "{C8517F28-EED0-F56A-4725-6A0B8CEC2DDA}"
EndProject
Project("{FAE04EC0-301F-11D3-BF4B-00C04F79EFBC}") = "Unity.Mathematics", "Unity.Mathematics.Player.csproj", "{3FE23FE6-A37F-8232-BEA2-3413AA372E13}"
EndProject
Project("{FAE04EC0-301F-11D3-BF4B-00C04F79EFBC}") = "Unity.2D.Animation.Triangle.Runtime", "Unity.2D.Animation.Triangle.Runtime.Player.csproj", "{001AB467-2ADD-8121-3369-E94D408B29E3}"
EndProject
Project("{FAE04EC0-301F-11D3-BF4B-00C04F79EFBC}") = "Unity.Timeline", "Unity.Timeline.Player.csproj", "{76E81BAF-9E17-DBB4-5524-58DDD8C60DFC}"
EndProject
Project("{FAE04EC0-301F-11D3-BF4B-00C04F79EFBC}") = "UnityEngine.UI", "UnityEngine.UI.Player.csproj", "{8E03D520-37C0-3AC7-A753-9A99D58D3780}"
EndProject
Project("{FAE04EC0-301F-11D3-BF4B-00C04F79EFBC}") = "Unity.TextMeshPro", "Unity.TextMeshPro.Player.csproj", "{D9702E43-28FC-DDF9-5C0F-53233D5D2749}"
EndProject
Project("{FAE04EC0-301F-11D3-BF4B-00C04F79EFBC}") = "Scripts", "Scripts.Player.csproj", "{10EC11C2-BBF5-A7AF-A1C9-CB3E069F827D}"
EndProject
Project("{FAE04EC0-301F-11D3-BF4B-00C04F79EFBC}") = "Unity.2D.Animation.Runtime", "Unity.2D.Animation.Runtime.Player.csproj", "{3E91B028-6F5E-6827-1B43-AD9D167DE948}"
EndProject
Project("{FAE04EC0-301F-11D3-BF4B-00C04F79EFBC}") = "Assembly-CSharp", "Assembly-CSharp.Player.csproj", "{5629A693-335F-4AC6-C087-E1B45F60BED3}"
EndProject
Project("{FAE04EC0-301F-11D3-BF4B-00C04F79EFBC}") = "Unity.2D.IK.Runtime", "Unity.2D.IK.Runtime.Player.csproj", "{ECF72994-54F3-F85D-FE4A-AD7361B1995C}"
EndProject
Project("{FAE04EC0-301F-11D3-BF4B-00C04F79EFBC}") = "Unity.2D.SpriteShape.Runtime", "Unity.2D.SpriteShape.Runtime.Player.csproj", "{F62ECBEF-D30A-9E1B-70E8-E0FAA6EC53DA}"
EndProject
Project("{FAE04EC0-301F-11D3-BF4B-00C04F79EFBC}") = "Unity.2D.PixelPerfect", "Unity.2D.PixelPerfect.Player.csproj", "{11D076A8-575E-AC1C-3C84-0BCF4515DF5F}"
EndProject
Project("{FAE04EC0-301F-11D3-BF4B-00C04F79EFBC}") = "Unity.2D.Common.Runtime", "Unity.2D.Common.Runtime.Player.csproj", "{5DBD18FB-41D7-9A35-FEC3-11A6DB4B42D6}"
EndProject
Project("{FAE04EC0-301F-11D3-BF4B-00C04F79EFBC}") = "Unity.InternalAPIEngineBridge.001", "Unity.InternalAPIEngineBridge.001.Player.csproj", "{226EE64C-60E7-AC53-85DA-65BE792DA389}"
EndProject
Global
	GlobalSection(SolutionConfigurationPlatforms) = preSolution
		Debug|Any CPU = Debug|Any CPU
		Release|Any CPU = Release|Any CPU
	EndGlobalSection
	GlobalSection(ProjectConfigurationPlatforms) = postSolution
		{E2418024-CF04-AA7A-4739-94D391A24154}.Debug|Any CPU.ActiveCfg = Debug|Any CPU
		{E2418024-CF04-AA7A-4739-94D391A24154}.Debug|Any CPU.Build.0 = Debug|Any CPU
		{E2418024-CF04-AA7A-4739-94D391A24154}.Release|Any CPU.ActiveCfg = Release|Any CPU
		{E2418024-CF04-AA7A-4739-94D391A24154}.Release|Any CPU.Build.0 = Release|Any CPU
		{8B977068-4459-DE5A-857A-6A56933F3F3D}.Debug|Any CPU.ActiveCfg = Debug|Any CPU
		{8B977068-4459-DE5A-857A-6A56933F3F3D}.Debug|Any CPU.Build.0 = Debug|Any CPU
		{8B977068-4459-DE5A-857A-6A56933F3F3D}.Release|Any CPU.ActiveCfg = Release|Any CPU
		{8B977068-4459-DE5A-857A-6A56933F3F3D}.Release|Any CPU.Build.0 = Release|Any CPU
		{5864AB05-EBB8-EEB5-2AE6-1C3B021D736B}.Debug|Any CPU.ActiveCfg = Debug|Any CPU
		{5864AB05-EBB8-EEB5-2AE6-1C3B021D736B}.Debug|Any CPU.Build.0 = Debug|Any CPU
		{5864AB05-EBB8-EEB5-2AE6-1C3B021D736B}.Release|Any CPU.ActiveCfg = Release|Any CPU
		{5864AB05-EBB8-EEB5-2AE6-1C3B021D736B}.Release|Any CPU.Build.0 = Release|Any CPU
		{C98D536C-08F1-78BF-3C81-CF3E31B05167}.Debug|Any CPU.ActiveCfg = Debug|Any CPU
		{C98D536C-08F1-78BF-3C81-CF3E31B05167}.Debug|Any CPU.Build.0 = Debug|Any CPU
		{C98D536C-08F1-78BF-3C81-CF3E31B05167}.Release|Any CPU.ActiveCfg = Release|Any CPU
		{C98D536C-08F1-78BF-3C81-CF3E31B05167}.Release|Any CPU.Build.0 = Release|Any CPU
		{9E22D312-D8C8-0635-081D-CEBCC4687F4F}.Debug|Any CPU.ActiveCfg = Debug|Any CPU
		{9E22D312-D8C8-0635-081D-CEBCC4687F4F}.Debug|Any CPU.Build.0 = Debug|Any CPU
		{9E22D312-D8C8-0635-081D-CEBCC4687F4F}.Release|Any CPU.ActiveCfg = Release|Any CPU
		{9E22D312-D8C8-0635-081D-CEBCC4687F4F}.Release|Any CPU.Build.0 = Release|Any CPU
		{DEFD000F-BBF6-27F2-B595-9951D540DB22}.Debug|Any CPU.ActiveCfg = Debug|Any CPU
		{DEFD000F-BBF6-27F2-B595-9951D540DB22}.Debug|Any CPU.Build.0 = Debug|Any CPU
		{DEFD000F-BBF6-27F2-B595-9951D540DB22}.Release|Any CPU.ActiveCfg = Release|Any CPU
		{DEFD000F-BBF6-27F2-B595-9951D540DB22}.Release|Any CPU.Build.0 = Release|Any CPU
		{70D021AE-BFF6-F5BC-74AE-8D90FCB294BA}.Debug|Any CPU.ActiveCfg = Debug|Any CPU
		{70D021AE-BFF6-F5BC-74AE-8D90FCB294BA}.Debug|Any CPU.Build.0 = Debug|Any CPU
		{70D021AE-BFF6-F5BC-74AE-8D90FCB294BA}.Release|Any CPU.ActiveCfg = Release|Any CPU
		{70D021AE-BFF6-F5BC-74AE-8D90FCB294BA}.Release|Any CPU.Build.0 = Release|Any CPU
		{E5557D26-69CF-931A-BF8D-D92BA6A9F42D}.Debug|Any CPU.ActiveCfg = Debug|Any CPU
		{E5557D26-69CF-931A-BF8D-D92BA6A9F42D}.Debug|Any CPU.Build.0 = Debug|Any CPU
		{E5557D26-69CF-931A-BF8D-D92BA6A9F42D}.Release|Any CPU.ActiveCfg = Release|Any CPU
		{E5557D26-69CF-931A-BF8D-D92BA6A9F42D}.Release|Any CPU.Build.0 = Release|Any CPU
		{79786AA4-E235-9FD2-DAB3-1CBEE4FC3805}.Debug|Any CPU.ActiveCfg = Debug|Any CPU
		{79786AA4-E235-9FD2-DAB3-1CBEE4FC3805}.Debug|Any CPU.Build.0 = Debug|Any CPU
		{79786AA4-E235-9FD2-DAB3-1CBEE4FC3805}.Release|Any CPU.ActiveCfg = Release|Any CPU
		{79786AA4-E235-9FD2-DAB3-1CBEE4FC3805}.Release|Any CPU.Build.0 = Release|Any CPU
		{F6086C35-2265-3BD8-491A-92387B141710}.Debug|Any CPU.ActiveCfg = Debug|Any CPU
		{F6086C35-2265-3BD8-491A-92387B141710}.Debug|Any CPU.Build.0 = Debug|Any CPU
		{F6086C35-2265-3BD8-491A-92387B141710}.Release|Any CPU.ActiveCfg = Release|Any CPU
		{F6086C35-2265-3BD8-491A-92387B141710}.Release|Any CPU.Build.0 = Release|Any CPU
		{8D32A017-C8C7-EE73-46E9-1EDF77F0CC2A}.Debug|Any CPU.ActiveCfg = Debug|Any CPU
		{8D32A017-C8C7-EE73-46E9-1EDF77F0CC2A}.Debug|Any CPU.Build.0 = Debug|Any CPU
		{8D32A017-C8C7-EE73-46E9-1EDF77F0CC2A}.Release|Any CPU.ActiveCfg = Release|Any CPU
		{8D32A017-C8C7-EE73-46E9-1EDF77F0CC2A}.Release|Any CPU.Build.0 = Release|Any CPU
		{82483B33-A7A8-D018-263B-4850503BB5FC}.Debug|Any CPU.ActiveCfg = Debug|Any CPU
		{82483B33-A7A8-D018-263B-4850503BB5FC}.Debug|Any CPU.Build.0 = Debug|Any CPU
		{82483B33-A7A8-D018-263B-4850503BB5FC}.Release|Any CPU.ActiveCfg = Release|Any CPU
		{82483B33-A7A8-D018-263B-4850503BB5FC}.Release|Any CPU.Build.0 = Release|Any CPU
		{B5527AFF-371E-4220-D919-300598EFC601}.Debug|Any CPU.ActiveCfg = Debug|Any CPU
		{B5527AFF-371E-4220-D919-300598EFC601}.Debug|Any CPU.Build.0 = Debug|Any CPU
		{B5527AFF-371E-4220-D919-300598EFC601}.Release|Any CPU.ActiveCfg = Release|Any CPU
		{B5527AFF-371E-4220-D919-300598EFC601}.Release|Any CPU.Build.0 = Release|Any CPU
		{89234E0B-7256-1D4C-427A-98088304B334}.Debug|Any CPU.ActiveCfg = Debug|Any CPU
		{89234E0B-7256-1D4C-427A-98088304B334}.Debug|Any CPU.Build.0 = Debug|Any CPU
		{89234E0B-7256-1D4C-427A-98088304B334}.Release|Any CPU.ActiveCfg = Release|Any CPU
		{89234E0B-7256-1D4C-427A-98088304B334}.Release|Any CPU.Build.0 = Release|Any CPU
		{E99A755B-0A3A-2845-6737-B44AC38C232F}.Debug|Any CPU.ActiveCfg = Debug|Any CPU
		{E99A755B-0A3A-2845-6737-B44AC38C232F}.Debug|Any CPU.Build.0 = Debug|Any CPU
		{E99A755B-0A3A-2845-6737-B44AC38C232F}.Release|Any CPU.ActiveCfg = Release|Any CPU
		{E99A755B-0A3A-2845-6737-B44AC38C232F}.Release|Any CPU.Build.0 = Release|Any CPU
		{D07094CA-DB5E-337A-489D-7B16AF10A06A}.Debug|Any CPU.ActiveCfg = Debug|Any CPU
		{D07094CA-DB5E-337A-489D-7B16AF10A06A}.Debug|Any CPU.Build.0 = Debug|Any CPU
		{D07094CA-DB5E-337A-489D-7B16AF10A06A}.Release|Any CPU.ActiveCfg = Release|Any CPU
		{D07094CA-DB5E-337A-489D-7B16AF10A06A}.Release|Any CPU.Build.0 = Release|Any CPU
		{B85202C7-54FF-4AE8-04E6-F6182FF8F8A6}.Debug|Any CPU.ActiveCfg = Debug|Any CPU
		{B85202C7-54FF-4AE8-04E6-F6182FF8F8A6}.Debug|Any CPU.Build.0 = Debug|Any CPU
		{B85202C7-54FF-4AE8-04E6-F6182FF8F8A6}.Release|Any CPU.ActiveCfg = Release|Any CPU
		{B85202C7-54FF-4AE8-04E6-F6182FF8F8A6}.Release|Any CPU.Build.0 = Release|Any CPU
		{F9870779-D792-DA31-C21E-492DCD2637ED}.Debug|Any CPU.ActiveCfg = Debug|Any CPU
		{F9870779-D792-DA31-C21E-492DCD2637ED}.Debug|Any CPU.Build.0 = Debug|Any CPU
		{F9870779-D792-DA31-C21E-492DCD2637ED}.Release|Any CPU.ActiveCfg = Release|Any CPU
		{F9870779-D792-DA31-C21E-492DCD2637ED}.Release|Any CPU.Build.0 = Release|Any CPU
		{49C81C52-F497-CF67-F235-F38E324B6B80}.Debug|Any CPU.ActiveCfg = Debug|Any CPU
		{49C81C52-F497-CF67-F235-F38E324B6B80}.Debug|Any CPU.Build.0 = Debug|Any CPU
		{49C81C52-F497-CF67-F235-F38E324B6B80}.Release|Any CPU.ActiveCfg = Release|Any CPU
		{49C81C52-F497-CF67-F235-F38E324B6B80}.Release|Any CPU.Build.0 = Release|Any CPU
		{AEE871C4-1A1B-BBDE-42DF-6CBD0FFBEA6E}.Debug|Any CPU.ActiveCfg = Debug|Any CPU
		{AEE871C4-1A1B-BBDE-42DF-6CBD0FFBEA6E}.Debug|Any CPU.Build.0 = Debug|Any CPU
		{AEE871C4-1A1B-BBDE-42DF-6CBD0FFBEA6E}.Release|Any CPU.ActiveCfg = Release|Any CPU
		{AEE871C4-1A1B-BBDE-42DF-6CBD0FFBEA6E}.Release|Any CPU.Build.0 = Release|Any CPU
		{13FC425A-9A5F-D535-DE23-A08756CB2076}.Debug|Any CPU.ActiveCfg = Debug|Any CPU
		{13FC425A-9A5F-D535-DE23-A08756CB2076}.Debug|Any CPU.Build.0 = Debug|Any CPU
		{13FC425A-9A5F-D535-DE23-A08756CB2076}.Release|Any CPU.ActiveCfg = Release|Any CPU
		{13FC425A-9A5F-D535-DE23-A08756CB2076}.Release|Any CPU.Build.0 = Release|Any CPU
		{7299F2E8-B56F-AD5D-E1DB-5A7A47015F06}.Debug|Any CPU.ActiveCfg = Debug|Any CPU
		{7299F2E8-B56F-AD5D-E1DB-5A7A47015F06}.Debug|Any CPU.Build.0 = Debug|Any CPU
		{7299F2E8-B56F-AD5D-E1DB-5A7A47015F06}.Release|Any CPU.ActiveCfg = Release|Any CPU
		{7299F2E8-B56F-AD5D-E1DB-5A7A47015F06}.Release|Any CPU.Build.0 = Release|Any CPU
		{56CD8A4A-ADE5-6509-E348-5D1F4E1CDC42}.Debug|Any CPU.ActiveCfg = Debug|Any CPU
		{56CD8A4A-ADE5-6509-E348-5D1F4E1CDC42}.Debug|Any CPU.Build.0 = Debug|Any CPU
		{56CD8A4A-ADE5-6509-E348-5D1F4E1CDC42}.Release|Any CPU.ActiveCfg = Release|Any CPU
		{56CD8A4A-ADE5-6509-E348-5D1F4E1CDC42}.Release|Any CPU.Build.0 = Release|Any CPU
		{1DDD1FE8-C03F-59A4-2967-EFB809E75223}.Debug|Any CPU.ActiveCfg = Debug|Any CPU
		{1DDD1FE8-C03F-59A4-2967-EFB809E75223}.Debug|Any CPU.Build.0 = Debug|Any CPU
		{1DDD1FE8-C03F-59A4-2967-EFB809E75223}.Release|Any CPU.ActiveCfg = Release|Any CPU
		{1DDD1FE8-C03F-59A4-2967-EFB809E75223}.Release|Any CPU.Build.0 = Release|Any CPU
		{0B3C8AA9-0441-3931-9CB0-2BB98FCAD0E9}.Debug|Any CPU.ActiveCfg = Debug|Any CPU
		{0B3C8AA9-0441-3931-9CB0-2BB98FCAD0E9}.Debug|Any CPU.Build.0 = Debug|Any CPU
		{0B3C8AA9-0441-3931-9CB0-2BB98FCAD0E9}.Release|Any CPU.ActiveCfg = Release|Any CPU
		{0B3C8AA9-0441-3931-9CB0-2BB98FCAD0E9}.Release|Any CPU.Build.0 = Release|Any CPU
		{7F5BD2DA-4615-27AF-E028-0E6D2F3A5448}.Debug|Any CPU.ActiveCfg = Debug|Any CPU
		{7F5BD2DA-4615-27AF-E028-0E6D2F3A5448}.Debug|Any CPU.Build.0 = Debug|Any CPU
		{7F5BD2DA-4615-27AF-E028-0E6D2F3A5448}.Release|Any CPU.ActiveCfg = Release|Any CPU
		{7F5BD2DA-4615-27AF-E028-0E6D2F3A5448}.Release|Any CPU.Build.0 = Release|Any CPU
		{C422C027-94C5-6E05-5238-894F023EAE20}.Debug|Any CPU.ActiveCfg = Debug|Any CPU
		{C422C027-94C5-6E05-5238-894F023EAE20}.Debug|Any CPU.Build.0 = Debug|Any CPU
		{C422C027-94C5-6E05-5238-894F023EAE20}.Release|Any CPU.ActiveCfg = Release|Any CPU
		{C422C027-94C5-6E05-5238-894F023EAE20}.Release|Any CPU.Build.0 = Release|Any CPU
		{F7475070-0B06-5611-EA48-9CC238C90D26}.Debug|Any CPU.ActiveCfg = Debug|Any CPU
		{F7475070-0B06-5611-EA48-9CC238C90D26}.Debug|Any CPU.Build.0 = Debug|Any CPU
		{F7475070-0B06-5611-EA48-9CC238C90D26}.Release|Any CPU.ActiveCfg = Release|Any CPU
		{F7475070-0B06-5611-EA48-9CC238C90D26}.Release|Any CPU.Build.0 = Release|Any CPU
		{516EFD71-2B46-A27D-4A44-BD031754E982}.Debug|Any CPU.ActiveCfg = Debug|Any CPU
		{516EFD71-2B46-A27D-4A44-BD031754E982}.Debug|Any CPU.Build.0 = Debug|Any CPU
		{516EFD71-2B46-A27D-4A44-BD031754E982}.Release|Any CPU.ActiveCfg = Release|Any CPU
		{516EFD71-2B46-A27D-4A44-BD031754E982}.Release|Any CPU.Build.0 = Release|Any CPU
		{FC2E9AFB-DA2A-6020-6C41-349C20756AB3}.Debug|Any CPU.ActiveCfg = Debug|Any CPU
		{FC2E9AFB-DA2A-6020-6C41-349C20756AB3}.Debug|Any CPU.Build.0 = Debug|Any CPU
		{FC2E9AFB-DA2A-6020-6C41-349C20756AB3}.Release|Any CPU.ActiveCfg = Release|Any CPU
		{FC2E9AFB-DA2A-6020-6C41-349C20756AB3}.Release|Any CPU.Build.0 = Release|Any CPU
		{76633532-10E4-838F-46EB-7B7BD7516116}.Debug|Any CPU.ActiveCfg = Debug|Any CPU
		{76633532-10E4-838F-46EB-7B7BD7516116}.Debug|Any CPU.Build.0 = Debug|Any CPU
		{76633532-10E4-838F-46EB-7B7BD7516116}.Release|Any CPU.ActiveCfg = Release|Any CPU
		{76633532-10E4-838F-46EB-7B7BD7516116}.Release|Any CPU.Build.0 = Release|Any CPU
		{DEDBAD39-8661-6D5E-2C7E-7C1ADF9B3177}.Debug|Any CPU.ActiveCfg = Debug|Any CPU
		{DEDBAD39-8661-6D5E-2C7E-7C1ADF9B3177}.Debug|Any CPU.Build.0 = Debug|Any CPU
		{DEDBAD39-8661-6D5E-2C7E-7C1ADF9B3177}.Release|Any CPU.ActiveCfg = Release|Any CPU
		{DEDBAD39-8661-6D5E-2C7E-7C1ADF9B3177}.Release|Any CPU.Build.0 = Release|Any CPU
		{38784D4C-BC3D-BC32-987C-853EABDB481A}.Debug|Any CPU.ActiveCfg = Debug|Any CPU
		{38784D4C-BC3D-BC32-987C-853EABDB481A}.Debug|Any CPU.Build.0 = Debug|Any CPU
		{38784D4C-BC3D-BC32-987C-853EABDB481A}.Release|Any CPU.ActiveCfg = Release|Any CPU
		{38784D4C-BC3D-BC32-987C-853EABDB481A}.Release|Any CPU.Build.0 = Release|Any CPU
		{6D87682A-983D-5F21-E757-2B8A5EE3A67E}.Debug|Any CPU.ActiveCfg = Debug|Any CPU
		{6D87682A-983D-5F21-E757-2B8A5EE3A67E}.Debug|Any CPU.Build.0 = Debug|Any CPU
		{6D87682A-983D-5F21-E757-2B8A5EE3A67E}.Release|Any CPU.ActiveCfg = Release|Any CPU
		{6D87682A-983D-5F21-E757-2B8A5EE3A67E}.Release|Any CPU.Build.0 = Release|Any CPU
		{03F4BD65-83FC-F9A5-173C-C086FE2D8CA8}.Debug|Any CPU.ActiveCfg = Debug|Any CPU
		{03F4BD65-83FC-F9A5-173C-C086FE2D8CA8}.Debug|Any CPU.Build.0 = Debug|Any CPU
		{03F4BD65-83FC-F9A5-173C-C086FE2D8CA8}.Release|Any CPU.ActiveCfg = Release|Any CPU
		{03F4BD65-83FC-F9A5-173C-C086FE2D8CA8}.Release|Any CPU.Build.0 = Release|Any CPU
		{E1FC33A9-F208-47F7-92F2-7C4BBF206252}.Debug|Any CPU.ActiveCfg = Debug|Any CPU
		{E1FC33A9-F208-47F7-92F2-7C4BBF206252}.Debug|Any CPU.Build.0 = Debug|Any CPU
		{E1FC33A9-F208-47F7-92F2-7C4BBF206252}.Release|Any CPU.ActiveCfg = Release|Any CPU
		{E1FC33A9-F208-47F7-92F2-7C4BBF206252}.Release|Any CPU.Build.0 = Release|Any CPU
		{C7F13DD2-988F-5A40-2084-75DC70E2372D}.Debug|Any CPU.ActiveCfg = Debug|Any CPU
		{C7F13DD2-988F-5A40-2084-75DC70E2372D}.Debug|Any CPU.Build.0 = Debug|Any CPU
		{C7F13DD2-988F-5A40-2084-75DC70E2372D}.Release|Any CPU.ActiveCfg = Release|Any CPU
		{C7F13DD2-988F-5A40-2084-75DC70E2372D}.Release|Any CPU.Build.0 = Release|Any CPU
		{C8517F28-EED0-F56A-4725-6A0B8CEC2DDA}.Debug|Any CPU.ActiveCfg = Debug|Any CPU
		{C8517F28-EED0-F56A-4725-6A0B8CEC2DDA}.Debug|Any CPU.Build.0 = Debug|Any CPU
		{C8517F28-EED0-F56A-4725-6A0B8CEC2DDA}.Release|Any CPU.ActiveCfg = Release|Any CPU
		{C8517F28-EED0-F56A-4725-6A0B8CEC2DDA}.Release|Any CPU.Build.0 = Release|Any CPU
		{3FE23FE6-A37F-8232-BEA2-3413AA372E13}.Debug|Any CPU.ActiveCfg = Debug|Any CPU
		{3FE23FE6-A37F-8232-BEA2-3413AA372E13}.Debug|Any CPU.Build.0 = Debug|Any CPU
		{3FE23FE6-A37F-8232-BEA2-3413AA372E13}.Release|Any CPU.ActiveCfg = Release|Any CPU
		{3FE23FE6-A37F-8232-BEA2-3413AA372E13}.Release|Any CPU.Build.0 = Release|Any CPU
		{001AB467-2ADD-8121-3369-E94D408B29E3}.Debug|Any CPU.ActiveCfg = Debug|Any CPU
		{001AB467-2ADD-8121-3369-E94D408B29E3}.Debug|Any CPU.Build.0 = Debug|Any CPU
		{001AB467-2ADD-8121-3369-E94D408B29E3}.Release|Any CPU.ActiveCfg = Release|Any CPU
		{001AB467-2ADD-8121-3369-E94D408B29E3}.Release|Any CPU.Build.0 = Release|Any CPU
		{76E81BAF-9E17-DBB4-5524-58DDD8C60DFC}.Debug|Any CPU.ActiveCfg = Debug|Any CPU
		{76E81BAF-9E17-DBB4-5524-58DDD8C60DFC}.Debug|Any CPU.Build.0 = Debug|Any CPU
		{76E81BAF-9E17-DBB4-5524-58DDD8C60DFC}.Release|Any CPU.ActiveCfg = Release|Any CPU
		{76E81BAF-9E17-DBB4-5524-58DDD8C60DFC}.Release|Any CPU.Build.0 = Release|Any CPU
		{8E03D520-37C0-3AC7-A753-9A99D58D3780}.Debug|Any CPU.ActiveCfg = Debug|Any CPU
		{8E03D520-37C0-3AC7-A753-9A99D58D3780}.Debug|Any CPU.Build.0 = Debug|Any CPU
		{8E03D520-37C0-3AC7-A753-9A99D58D3780}.Release|Any CPU.ActiveCfg = Release|Any CPU
		{8E03D520-37C0-3AC7-A753-9A99D58D3780}.Release|Any CPU.Build.0 = Release|Any CPU
		{D9702E43-28FC-DDF9-5C0F-53233D5D2749}.Debug|Any CPU.ActiveCfg = Debug|Any CPU
		{D9702E43-28FC-DDF9-5C0F-53233D5D2749}.Debug|Any CPU.Build.0 = Debug|Any CPU
		{D9702E43-28FC-DDF9-5C0F-53233D5D2749}.Release|Any CPU.ActiveCfg = Release|Any CPU
		{D9702E43-28FC-DDF9-5C0F-53233D5D2749}.Release|Any CPU.Build.0 = Release|Any CPU
		{10EC11C2-BBF5-A7AF-A1C9-CB3E069F827D}.Debug|Any CPU.ActiveCfg = Debug|Any CPU
		{10EC11C2-BBF5-A7AF-A1C9-CB3E069F827D}.Debug|Any CPU.Build.0 = Debug|Any CPU
		{10EC11C2-BBF5-A7AF-A1C9-CB3E069F827D}.Release|Any CPU.ActiveCfg = Release|Any CPU
		{10EC11C2-BBF5-A7AF-A1C9-CB3E069F827D}.Release|Any CPU.Build.0 = Release|Any CPU
		{3E91B028-6F5E-6827-1B43-AD9D167DE948}.Debug|Any CPU.ActiveCfg = Debug|Any CPU
		{3E91B028-6F5E-6827-1B43-AD9D167DE948}.Debug|Any CPU.Build.0 = Debug|Any CPU
		{3E91B028-6F5E-6827-1B43-AD9D167DE948}.Release|Any CPU.ActiveCfg = Release|Any CPU
		{3E91B028-6F5E-6827-1B43-AD9D167DE948}.Release|Any CPU.Build.0 = Release|Any CPU
		{5629A693-335F-4AC6-C087-E1B45F60BED3}.Debug|Any CPU.ActiveCfg = Debug|Any CPU
		{5629A693-335F-4AC6-C087-E1B45F60BED3}.Debug|Any CPU.Build.0 = Debug|Any CPU
		{5629A693-335F-4AC6-C087-E1B45F60BED3}.Release|Any CPU.ActiveCfg = Release|Any CPU
		{5629A693-335F-4AC6-C087-E1B45F60BED3}.Release|Any CPU.Build.0 = Release|Any CPU
		{ECF72994-54F3-F85D-FE4A-AD7361B1995C}.Debug|Any CPU.ActiveCfg = Debug|Any CPU
		{ECF72994-54F3-F85D-FE4A-AD7361B1995C}.Debug|Any CPU.Build.0 = Debug|Any CPU
		{ECF72994-54F3-F85D-FE4A-AD7361B1995C}.Release|Any CPU.ActiveCfg = Release|Any CPU
		{ECF72994-54F3-F85D-FE4A-AD7361B1995C}.Release|Any CPU.Build.0 = Release|Any CPU
		{F62ECBEF-D30A-9E1B-70E8-E0FAA6EC53DA}.Debug|Any CPU.ActiveCfg = Debug|Any CPU
		{F62ECBEF-D30A-9E1B-70E8-E0FAA6EC53DA}.Debug|Any CPU.Build.0 = Debug|Any CPU
		{F62ECBEF-D30A-9E1B-70E8-E0FAA6EC53DA}.Release|Any CPU.ActiveCfg = Release|Any CPU
		{F62ECBEF-D30A-9E1B-70E8-E0FAA6EC53DA}.Release|Any CPU.Build.0 = Release|Any CPU
		{11D076A8-575E-AC1C-3C84-0BCF4515DF5F}.Debug|Any CPU.ActiveCfg = Debug|Any CPU
		{11D076A8-575E-AC1C-3C84-0BCF4515DF5F}.Debug|Any CPU.Build.0 = Debug|Any CPU
		{11D076A8-575E-AC1C-3C84-0BCF4515DF5F}.Release|Any CPU.ActiveCfg = Release|Any CPU
		{11D076A8-575E-AC1C-3C84-0BCF4515DF5F}.Release|Any CPU.Build.0 = Release|Any CPU
		{5DBD18FB-41D7-9A35-FEC3-11A6DB4B42D6}.Debug|Any CPU.ActiveCfg = Debug|Any CPU
		{5DBD18FB-41D7-9A35-FEC3-11A6DB4B42D6}.Debug|Any CPU.Build.0 = Debug|Any CPU
		{5DBD18FB-41D7-9A35-FEC3-11A6DB4B42D6}.Release|Any CPU.ActiveCfg = Release|Any CPU
		{5DBD18FB-41D7-9A35-FEC3-11A6DB4B42D6}.Release|Any CPU.Build.0 = Release|Any CPU
		{226EE64C-60E7-AC53-85DA-65BE792DA389}.Debug|Any CPU.ActiveCfg = Debug|Any CPU
		{226EE64C-60E7-AC53-85DA-65BE792DA389}.Debug|Any CPU.Build.0 = Debug|Any CPU
		{226EE64C-60E7-AC53-85DA-65BE792DA389}.Release|Any CPU.ActiveCfg = Release|Any CPU
		{226EE64C-60E7-AC53-85DA-65BE792DA389}.Release|Any CPU.Build.0 = Release|Any CPU
	EndGlobalSection
	GlobalSection(SolutionProperties) = preSolution
		HideSolutionNode = FALSE
	EndGlobalSection
EndGlobal
