
Microsoft Visual Studio Solution File, Format Version 12.00
# Visual Studio 15
Project("{FAE04EC0-301F-11D3-BF4B-00C04F79EFBC}") = "UnityEngine.UI", "UnityEngine.UI.csproj", "{6AD5C25E-D2F9-B26E-193A-9D661D798542}"
EndProject
Project("{FAE04EC0-301F-11D3-BF4B-00C04F79EFBC}") = "UnityEngine.TestRunner", "UnityEngine.TestRunner.csproj", "{36D52369-3BC7-0556-1024-5B83D40C8A26}"
EndProject
Project("{FAE04EC0-301F-11D3-BF4B-00C04F79EFBC}") = "Unity.Mathematics", "Unity.Mathematics.csproj", "{8B098BC9-7C5A-E3FD-D162-AC62559A5A88}"
EndProject
Project("{FAE04EC0-301F-11D3-BF4B-00C04F79EFBC}") = "Unity.2D.Animation.Triangle.Runtime", "Unity.2D.Animation.Triangle.Runtime.csproj", "{C2E8CD42-C28B-3BAB-0354-1FF92D9D2420}"
EndProject
Project("{FAE04EC0-301F-11D3-BF4B-00C04F79EFBC}") = "Unity.Timeline", "Unity.Timeline.csproj", "{5CD4986A-AF68-8240-2F6F-FD0368ACDF81}"
EndProject
Project("{FAE04EC0-301F-11D3-BF4B-00C04F79EFBC}") = "Unity.TextMeshPro", "Unity.TextMeshPro.csproj", "{A63C3BD1-9A99-DA60-8630-A350676A76E0}"
EndProject
Project("{FAE04EC0-301F-11D3-BF4B-00C04F79EFBC}") = "Scripts", "Scripts.csproj", "{7B639B87-44F7-08D2-C1C3-B4F5B154F08F}"
EndProject
Project("{FAE04EC0-301F-11D3-BF4B-00C04F79EFBC}") = "Unity.2D.Animation.Runtime", "Unity.2D.Animation.Runtime.csproj", "{B3C6CCCA-F251-B4BF-21CE-E2B9855D8326}"
EndProject
Project("{FAE04EC0-301F-11D3-BF4B-00C04F79EFBC}") = "Assembly-CSharp", "Assembly-CSharp.csproj", "{95CD246D-B6A7-B1F3-3FE6-CA4FD6117098}"
EndProject
Project("{FAE04EC0-301F-11D3-BF4B-00C04F79EFBC}") = "Unity.2D.IK.Runtime", "Unity.2D.IK.Runtime.csproj", "{1A740EDA-2399-9455-C970-60C1E2E6FE91}"
EndProject
Project("{FAE04EC0-301F-11D3-BF4B-00C04F79EFBC}") = "Unity.2D.SpriteShape.Runtime", "Unity.2D.SpriteShape.Runtime.csproj", "{6E5F11DC-6D47-3256-BF26-84410742E70F}"
EndProject
Project("{FAE04EC0-301F-11D3-BF4B-00C04F79EFBC}") = "Unity.2D.PixelPerfect", "Unity.2D.PixelPerfect.csproj", "{7664116F-952E-BDEE-37D7-5970442AB29A}"
EndProject
Project("{FAE04EC0-301F-11D3-BF4B-00C04F79EFBC}") = "Unity.2D.Common.Runtime", "Unity.2D.Common.Runtime.csproj", "{BF8A77B1-FA5F-2122-1B6B-F0E04FCAC6AF}"
EndProject
Project("{FAE04EC0-301F-11D3-BF4B-00C04F79EFBC}") = "Unity.InternalAPIEngineBridge.001", "Unity.InternalAPIEngineBridge.001.csproj", "{CAF57C08-1ABC-DDB3-C6A3-BFA17B4CA287}"
EndProject
Project("{FAE04EC0-301F-11D3-BF4B-00C04F79EFBC}") = "Unity.2D.Animation.Editor", "Unity.2D.Animation.Editor.csproj", "{C3B81D9B-7E5D-1400-11E9-824220530048}"
EndProject
Project("{FAE04EC0-301F-11D3-BF4B-00C04F79EFBC}") = "UnityEditor.TestRunner", "UnityEditor.TestRunner.csproj", "{4CE4B4B0-1992-4462-FF94-7C7B68699C44}"
EndProject
Project("{FAE04EC0-301F-11D3-BF4B-00C04F79EFBC}") = "Unity.PlasticSCM.Editor", "Unity.PlasticSCM.Editor.csproj", "{1BABA2CC-31F3-DED6-0A7E-696BA0C58DF3}"
EndProject
Project("{FAE04EC0-301F-11D3-BF4B-00C04F79EFBC}") = "UnityEditor.UI", "UnityEditor.UI.csproj", "{3C177079-9264-8A94-20ED-27A23807E4F8}"
EndProject
Project("{FAE04EC0-301F-11D3-BF4B-00C04F79EFBC}") = "Unity.Services.Core.Editor", "Unity.Services.Core.Editor.csproj", "{4E431D79-13FD-DF3B-683D-D5CF448B6894}"
EndProject
Project("{FAE04EC0-301F-11D3-BF4B-00C04F79EFBC}") = "Unity.Timeline.Editor", "Unity.Timeline.Editor.csproj", "{48DE0ECE-E016-06D9-3DFC-87DC5776F6F4}"
EndProject
Project("{FAE04EC0-301F-11D3-BF4B-00C04F79EFBC}") = "Unity.VisualStudio.Editor", "Unity.VisualStudio.Editor.csproj", "{B51FE604-5AFB-0ED4-CF34-229E48336191}"
EndProject
Project("{FAE04EC0-301F-11D3-BF4B-00C04F79EFBC}") = "Unity.2D.Psdimporter.Editor", "Unity.2D.Psdimporter.Editor.csproj", "{79F7C028-9D64-43F7-2008-92A537CF9B1F}"
EndProject
Project("{FAE04EC0-301F-11D3-BF4B-00C04F79EFBC}") = "Unity.TextMeshPro.Editor", "Unity.TextMeshPro.Editor.csproj", "{AE41E71F-EAE2-51B7-51A5-E6F8941C485F}"
EndProject
Project("{FAE04EC0-301F-11D3-BF4B-00C04F79EFBC}") = "Unity.2D.SpriteShape.Editor", "Unity.2D.SpriteShape.Editor.csproj", "{3F61E039-2C1D-CBB4-2B9A-7B93014D80D2}"
EndProject
Project("{FAE04EC0-301F-11D3-BF4B-00C04F79EFBC}") = "Unity.CollabProxy.Editor", "Unity.CollabProxy.Editor.csproj", "{0654A949-0578-3FB6-B7DD-175E911B3E7F}"
EndProject
Project("{FAE04EC0-301F-11D3-BF4B-00C04F79EFBC}") = "PsdPlugin", "PsdPlugin.csproj", "{1C0EF09E-5645-8E1D-A718-027666F068DF}"
EndProject
Project("{FAE04EC0-301F-11D3-BF4B-00C04F79EFBC}") = "Unity.2D.Path.Editor", "Unity.2D.Path.Editor.csproj", "{A2A920FA-3E56-2731-5F6B-825748658FDE}"
EndProject
Project("{FAE04EC0-301F-11D3-BF4B-00C04F79EFBC}") = "Unity.Rider.Editor", "Unity.Rider.Editor.csproj", "{345D4C6E-35CA-FA3B-15B0-D1C59ADB5D06}"
EndProject
Project("{FAE04EC0-301F-11D3-BF4B-00C04F79EFBC}") = "Unity.2D.IK.Editor", "Unity.2D.IK.Editor.csproj", "{60B83C9A-1F9A-B844-98E9-D2CDC6C94306}"
EndProject
Project("{FAE04EC0-301F-11D3-BF4B-00C04F79EFBC}") = "Unity.2D.Sprite.Editor", "Unity.2D.Sprite.Editor.csproj", "{7DEF6A80-FCE2-DB17-A526-EDA8050CE0F5}"
EndProject
Project("{FAE04EC0-301F-11D3-BF4B-00C04F79EFBC}") = "Unity.2D.Tilemap.Editor", "Unity.2D.Tilemap.Editor.csproj", "{80331506-B24B-786D-BF7A-E288198C2F27}"
EndProject
Project("{FAE04EC0-301F-11D3-BF4B-00C04F79EFBC}") = "Unity.2D.PixelPerfect.Editor", "Unity.2D.PixelPerfect.Editor.csproj", "{9BD22798-4D39-8F7A-D3ED-234715703398}"
EndProject
Project("{FAE04EC0-301F-11D3-BF4B-00C04F79EFBC}") = "Unity.VSCode.Editor", "Unity.VSCode.Editor.csproj", "{739F9313-0F86-2FC1-C241-455B2F0D1199}"
EndProject
Project("{FAE04EC0-301F-11D3-BF4B-00C04F79EFBC}") = "Unity.2D.Common.Editor", "Unity.2D.Common.Editor.csproj", "{E5242E9D-2406-05CF-06C0-B0F2632E08E4}"
EndProject
Project("{FAE04EC0-301F-11D3-BF4B-00C04F79EFBC}") = "Unity.Mathematics.Editor", "Unity.Mathematics.Editor.csproj", "{1417819E-7579-0C63-468E-EC1B31CF57BE}"
EndProject
Project("{FAE04EC0-301F-11D3-BF4B-00C04F79EFBC}") = "Unity.InternalAPIEditorBridge.001", "Unity.InternalAPIEditorBridge.001.csproj", "{44B2E1A1-6FEA-F3B0-25FF-04C25AB61880}"
EndProject
Project("{FAE04EC0-301F-11D3-BF4B-00C04F79EFBC}") = "EditMode", "EditMode.csproj", "{B2E2438A-C177-D671-8628-60F2F0679965}"
EndProject
Project("{FAE04EC0-301F-11D3-BF4B-00C04F79EFBC}") = "UnityEngine.UI", "UnityEngine.UI.Player.csproj", "{7342B1C7-E334-A9A5-746D-0243675495AD}"
EndProject
Project("{FAE04EC0-301F-11D3-BF4B-00C04F79EFBC}") = "UnityEngine.TestRunner", "UnityEngine.TestRunner.Player.csproj", "{28C1361E-37B9-839A-9EC8-E3284A8FBBFE}"
EndProject
Project("{FAE04EC0-301F-11D3-BF4B-00C04F79EFBC}") = "Unity.Mathematics", "Unity.Mathematics.Player.csproj", "{5584354C-7719-AF33-7CB5-3824B4D6B31F}"
EndProject
Project("{FAE04EC0-301F-11D3-BF4B-00C04F79EFBC}") = "Unity.2D.Animation.Triangle.Runtime", "Unity.2D.Animation.Triangle.Runtime.Player.csproj", "{CD4DE142-EC5E-3C3D-22ED-76D10730CDFA}"
EndProject
Project("{FAE04EC0-301F-11D3-BF4B-00C04F79EFBC}") = "Unity.Timeline", "Unity.Timeline.Player.csproj", "{871A21F3-8218-4BE4-8780-ACD440B24FAF}"
EndProject
Project("{FAE04EC0-301F-11D3-BF4B-00C04F79EFBC}") = "Unity.TextMeshPro", "Unity.TextMeshPro.Player.csproj", "{7173CF65-DFDB-890A-D7B4-2951EAC07E4C}"
EndProject
Project("{FAE04EC0-301F-11D3-BF4B-00C04F79EFBC}") = "Scripts", "Scripts.Player.csproj", "{A9C3F9BE-99FE-AFBC-8B6C-14EFAF2F8AAE}"
EndProject
Project("{FAE04EC0-301F-11D3-BF4B-00C04F79EFBC}") = "Unity.2D.Animation.Runtime", "Unity.2D.Animation.Runtime.Player.csproj", "{F70E3F4C-FE44-A4AC-C691-CDE65DAB09AC}"
EndProject
Project("{FAE04EC0-301F-11D3-BF4B-00C04F79EFBC}") = "Assembly-CSharp", "Assembly-CSharp.Player.csproj", "{DF90A879-26CA-77AC-C5FD-33CF54B89918}"
EndProject
Project("{FAE04EC0-301F-11D3-BF4B-00C04F79EFBC}") = "Unity.2D.IK.Runtime", "Unity.2D.IK.Runtime.Player.csproj", "{5BD038A5-AE8C-BD10-C68F-89E0F2F1BF3A}"
EndProject
Project("{FAE04EC0-301F-11D3-BF4B-00C04F79EFBC}") = "Unity.2D.SpriteShape.Runtime", "Unity.2D.SpriteShape.Runtime.Player.csproj", "{1915ADE5-4AF3-A5B7-B7F4-36EC3E9EABF5}"
EndProject
Project("{FAE04EC0-301F-11D3-BF4B-00C04F79EFBC}") = "Unity.2D.PixelPerfect", "Unity.2D.PixelPerfect.Player.csproj", "{182CDB1B-1662-36EC-682B-A2C3C5CFA6DF}"
EndProject
Project("{FAE04EC0-301F-11D3-BF4B-00C04F79EFBC}") = "Unity.2D.Common.Runtime", "Unity.2D.Common.Runtime.Player.csproj", "{954B4D63-1943-0637-F8A2-6E74B3F493BE}"
EndProject
Project("{FAE04EC0-301F-11D3-BF4B-00C04F79EFBC}") = "Unity.InternalAPIEngineBridge.001", "Unity.InternalAPIEngineBridge.001.Player.csproj", "{2DC78FCA-C568-CC0A-6BE8-1ECEB278670F}"
EndProject
Global
	GlobalSection(SolutionConfigurationPlatforms) = preSolution
		Debug|Any CPU = Debug|Any CPU
		Release|Any CPU = Release|Any CPU
	EndGlobalSection
	GlobalSection(ProjectConfigurationPlatforms) = postSolution
		{6AD5C25E-D2F9-B26E-193A-9D661D798542}.Debug|Any CPU.ActiveCfg = Debug|Any CPU
		{6AD5C25E-D2F9-B26E-193A-9D661D798542}.Debug|Any CPU.Build.0 = Debug|Any CPU
		{6AD5C25E-D2F9-B26E-193A-9D661D798542}.Release|Any CPU.ActiveCfg = Release|Any CPU
		{6AD5C25E-D2F9-B26E-193A-9D661D798542}.Release|Any CPU.Build.0 = Release|Any CPU
		{36D52369-3BC7-0556-1024-5B83D40C8A26}.Debug|Any CPU.ActiveCfg = Debug|Any CPU
		{36D52369-3BC7-0556-1024-5B83D40C8A26}.Debug|Any CPU.Build.0 = Debug|Any CPU
		{36D52369-3BC7-0556-1024-5B83D40C8A26}.Release|Any CPU.ActiveCfg = Release|Any CPU
		{36D52369-3BC7-0556-1024-5B83D40C8A26}.Release|Any CPU.Build.0 = Release|Any CPU
		{8B098BC9-7C5A-E3FD-D162-AC62559A5A88}.Debug|Any CPU.ActiveCfg = Debug|Any CPU
		{8B098BC9-7C5A-E3FD-D162-AC62559A5A88}.Debug|Any CPU.Build.0 = Debug|Any CPU
		{8B098BC9-7C5A-E3FD-D162-AC62559A5A88}.Release|Any CPU.ActiveCfg = Release|Any CPU
		{8B098BC9-7C5A-E3FD-D162-AC62559A5A88}.Release|Any CPU.Build.0 = Release|Any CPU
		{C2E8CD42-C28B-3BAB-0354-1FF92D9D2420}.Debug|Any CPU.ActiveCfg = Debug|Any CPU
		{C2E8CD42-C28B-3BAB-0354-1FF92D9D2420}.Debug|Any CPU.Build.0 = Debug|Any CPU
		{C2E8CD42-C28B-3BAB-0354-1FF92D9D2420}.Release|Any CPU.ActiveCfg = Release|Any CPU
		{C2E8CD42-C28B-3BAB-0354-1FF92D9D2420}.Release|Any CPU.Build.0 = Release|Any CPU
		{5CD4986A-AF68-8240-2F6F-FD0368ACDF81}.Debug|Any CPU.ActiveCfg = Debug|Any CPU
		{5CD4986A-AF68-8240-2F6F-FD0368ACDF81}.Debug|Any CPU.Build.0 = Debug|Any CPU
		{5CD4986A-AF68-8240-2F6F-FD0368ACDF81}.Release|Any CPU.ActiveCfg = Release|Any CPU
		{5CD4986A-AF68-8240-2F6F-FD0368ACDF81}.Release|Any CPU.Build.0 = Release|Any CPU
		{A63C3BD1-9A99-DA60-8630-A350676A76E0}.Debug|Any CPU.ActiveCfg = Debug|Any CPU
		{A63C3BD1-9A99-DA60-8630-A350676A76E0}.Debug|Any CPU.Build.0 = Debug|Any CPU
		{A63C3BD1-9A99-DA60-8630-A350676A76E0}.Release|Any CPU.ActiveCfg = Release|Any CPU
		{A63C3BD1-9A99-DA60-8630-A350676A76E0}.Release|Any CPU.Build.0 = Release|Any CPU
		{7B639B87-44F7-08D2-C1C3-B4F5B154F08F}.Debug|Any CPU.ActiveCfg = Debug|Any CPU
		{7B639B87-44F7-08D2-C1C3-B4F5B154F08F}.Debug|Any CPU.Build.0 = Debug|Any CPU
		{7B639B87-44F7-08D2-C1C3-B4F5B154F08F}.Release|Any CPU.ActiveCfg = Release|Any CPU
		{7B639B87-44F7-08D2-C1C3-B4F5B154F08F}.Release|Any CPU.Build.0 = Release|Any CPU
		{B3C6CCCA-F251-B4BF-21CE-E2B9855D8326}.Debug|Any CPU.ActiveCfg = Debug|Any CPU
		{B3C6CCCA-F251-B4BF-21CE-E2B9855D8326}.Debug|Any CPU.Build.0 = Debug|Any CPU
		{B3C6CCCA-F251-B4BF-21CE-E2B9855D8326}.Release|Any CPU.ActiveCfg = Release|Any CPU
		{B3C6CCCA-F251-B4BF-21CE-E2B9855D8326}.Release|Any CPU.Build.0 = Release|Any CPU
		{95CD246D-B6A7-B1F3-3FE6-CA4FD6117098}.Debug|Any CPU.ActiveCfg = Debug|Any CPU
		{95CD246D-B6A7-B1F3-3FE6-CA4FD6117098}.Debug|Any CPU.Build.0 = Debug|Any CPU
		{95CD246D-B6A7-B1F3-3FE6-CA4FD6117098}.Release|Any CPU.ActiveCfg = Release|Any CPU
		{95CD246D-B6A7-B1F3-3FE6-CA4FD6117098}.Release|Any CPU.Build.0 = Release|Any CPU
		{1A740EDA-2399-9455-C970-60C1E2E6FE91}.Debug|Any CPU.ActiveCfg = Debug|Any CPU
		{1A740EDA-2399-9455-C970-60C1E2E6FE91}.Debug|Any CPU.Build.0 = Debug|Any CPU
		{1A740EDA-2399-9455-C970-60C1E2E6FE91}.Release|Any CPU.ActiveCfg = Release|Any CPU
		{1A740EDA-2399-9455-C970-60C1E2E6FE91}.Release|Any CPU.Build.0 = Release|Any CPU
		{6E5F11DC-6D47-3256-BF26-84410742E70F}.Debug|Any CPU.ActiveCfg = Debug|Any CPU
		{6E5F11DC-6D47-3256-BF26-84410742E70F}.Debug|Any CPU.Build.0 = Debug|Any CPU
		{6E5F11DC-6D47-3256-BF26-84410742E70F}.Release|Any CPU.ActiveCfg = Release|Any CPU
		{6E5F11DC-6D47-3256-BF26-84410742E70F}.Release|Any CPU.Build.0 = Release|Any CPU
		{7664116F-952E-BDEE-37D7-5970442AB29A}.Debug|Any CPU.ActiveCfg = Debug|Any CPU
		{7664116F-952E-BDEE-37D7-5970442AB29A}.Debug|Any CPU.Build.0 = Debug|Any CPU
		{7664116F-952E-BDEE-37D7-5970442AB29A}.Release|Any CPU.ActiveCfg = Release|Any CPU
		{7664116F-952E-BDEE-37D7-5970442AB29A}.Release|Any CPU.Build.0 = Release|Any CPU
		{BF8A77B1-FA5F-2122-1B6B-F0E04FCAC6AF}.Debug|Any CPU.ActiveCfg = Debug|Any CPU
		{BF8A77B1-FA5F-2122-1B6B-F0E04FCAC6AF}.Debug|Any CPU.Build.0 = Debug|Any CPU
		{BF8A77B1-FA5F-2122-1B6B-F0E04FCAC6AF}.Release|Any CPU.ActiveCfg = Release|Any CPU
		{BF8A77B1-FA5F-2122-1B6B-F0E04FCAC6AF}.Release|Any CPU.Build.0 = Release|Any CPU
		{CAF57C08-1ABC-DDB3-C6A3-BFA17B4CA287}.Debug|Any CPU.ActiveCfg = Debug|Any CPU
		{CAF57C08-1ABC-DDB3-C6A3-BFA17B4CA287}.Debug|Any CPU.Build.0 = Debug|Any CPU
		{CAF57C08-1ABC-DDB3-C6A3-BFA17B4CA287}.Release|Any CPU.ActiveCfg = Release|Any CPU
		{CAF57C08-1ABC-DDB3-C6A3-BFA17B4CA287}.Release|Any CPU.Build.0 = Release|Any CPU
		{C3B81D9B-7E5D-1400-11E9-824220530048}.Debug|Any CPU.ActiveCfg = Debug|Any CPU
		{C3B81D9B-7E5D-1400-11E9-824220530048}.Debug|Any CPU.Build.0 = Debug|Any CPU
		{C3B81D9B-7E5D-1400-11E9-824220530048}.Release|Any CPU.ActiveCfg = Release|Any CPU
		{C3B81D9B-7E5D-1400-11E9-824220530048}.Release|Any CPU.Build.0 = Release|Any CPU
		{4CE4B4B0-1992-4462-FF94-7C7B68699C44}.Debug|Any CPU.ActiveCfg = Debug|Any CPU
		{4CE4B4B0-1992-4462-FF94-7C7B68699C44}.Debug|Any CPU.Build.0 = Debug|Any CPU
		{4CE4B4B0-1992-4462-FF94-7C7B68699C44}.Release|Any CPU.ActiveCfg = Release|Any CPU
		{4CE4B4B0-1992-4462-FF94-7C7B68699C44}.Release|Any CPU.Build.0 = Release|Any CPU
		{1BABA2CC-31F3-DED6-0A7E-696BA0C58DF3}.Debug|Any CPU.ActiveCfg = Debug|Any CPU
		{1BABA2CC-31F3-DED6-0A7E-696BA0C58DF3}.Debug|Any CPU.Build.0 = Debug|Any CPU
		{1BABA2CC-31F3-DED6-0A7E-696BA0C58DF3}.Release|Any CPU.ActiveCfg = Release|Any CPU
		{1BABA2CC-31F3-DED6-0A7E-696BA0C58DF3}.Release|Any CPU.Build.0 = Release|Any CPU
		{3C177079-9264-8A94-20ED-27A23807E4F8}.Debug|Any CPU.ActiveCfg = Debug|Any CPU
		{3C177079-9264-8A94-20ED-27A23807E4F8}.Debug|Any CPU.Build.0 = Debug|Any CPU
		{3C177079-9264-8A94-20ED-27A23807E4F8}.Release|Any CPU.ActiveCfg = Release|Any CPU
		{3C177079-9264-8A94-20ED-27A23807E4F8}.Release|Any CPU.Build.0 = Release|Any CPU
		{4E431D79-13FD-DF3B-683D-D5CF448B6894}.Debug|Any CPU.ActiveCfg = Debug|Any CPU
		{4E431D79-13FD-DF3B-683D-D5CF448B6894}.Debug|Any CPU.Build.0 = Debug|Any CPU
		{4E431D79-13FD-DF3B-683D-D5CF448B6894}.Release|Any CPU.ActiveCfg = Release|Any CPU
		{4E431D79-13FD-DF3B-683D-D5CF448B6894}.Release|Any CPU.Build.0 = Release|Any CPU
		{48DE0ECE-E016-06D9-3DFC-87DC5776F6F4}.Debug|Any CPU.ActiveCfg = Debug|Any CPU
		{48DE0ECE-E016-06D9-3DFC-87DC5776F6F4}.Debug|Any CPU.Build.0 = Debug|Any CPU
		{48DE0ECE-E016-06D9-3DFC-87DC5776F6F4}.Release|Any CPU.ActiveCfg = Release|Any CPU
		{48DE0ECE-E016-06D9-3DFC-87DC5776F6F4}.Release|Any CPU.Build.0 = Release|Any CPU
		{B51FE604-5AFB-0ED4-CF34-229E48336191}.Debug|Any CPU.ActiveCfg = Debug|Any CPU
		{B51FE604-5AFB-0ED4-CF34-229E48336191}.Debug|Any CPU.Build.0 = Debug|Any CPU
		{B51FE604-5AFB-0ED4-CF34-229E48336191}.Release|Any CPU.ActiveCfg = Release|Any CPU
		{B51FE604-5AFB-0ED4-CF34-229E48336191}.Release|Any CPU.Build.0 = Release|Any CPU
		{79F7C028-9D64-43F7-2008-92A537CF9B1F}.Debug|Any CPU.ActiveCfg = Debug|Any CPU
		{79F7C028-9D64-43F7-2008-92A537CF9B1F}.Debug|Any CPU.Build.0 = Debug|Any CPU
		{79F7C028-9D64-43F7-2008-92A537CF9B1F}.Release|Any CPU.ActiveCfg = Release|Any CPU
		{79F7C028-9D64-43F7-2008-92A537CF9B1F}.Release|Any CPU.Build.0 = Release|Any CPU
		{AE41E71F-EAE2-51B7-51A5-E6F8941C485F}.Debug|Any CPU.ActiveCfg = Debug|Any CPU
		{AE41E71F-EAE2-51B7-51A5-E6F8941C485F}.Debug|Any CPU.Build.0 = Debug|Any CPU
		{AE41E71F-EAE2-51B7-51A5-E6F8941C485F}.Release|Any CPU.ActiveCfg = Release|Any CPU
		{AE41E71F-EAE2-51B7-51A5-E6F8941C485F}.Release|Any CPU.Build.0 = Release|Any CPU
		{3F61E039-2C1D-CBB4-2B9A-7B93014D80D2}.Debug|Any CPU.ActiveCfg = Debug|Any CPU
		{3F61E039-2C1D-CBB4-2B9A-7B93014D80D2}.Debug|Any CPU.Build.0 = Debug|Any CPU
		{3F61E039-2C1D-CBB4-2B9A-7B93014D80D2}.Release|Any CPU.ActiveCfg = Release|Any CPU
		{3F61E039-2C1D-CBB4-2B9A-7B93014D80D2}.Release|Any CPU.Build.0 = Release|Any CPU
		{0654A949-0578-3FB6-B7DD-175E911B3E7F}.Debug|Any CPU.ActiveCfg = Debug|Any CPU
		{0654A949-0578-3FB6-B7DD-175E911B3E7F}.Debug|Any CPU.Build.0 = Debug|Any CPU
		{0654A949-0578-3FB6-B7DD-175E911B3E7F}.Release|Any CPU.ActiveCfg = Release|Any CPU
		{0654A949-0578-3FB6-B7DD-175E911B3E7F}.Release|Any CPU.Build.0 = Release|Any CPU
		{1C0EF09E-5645-8E1D-A718-027666F068DF}.Debug|Any CPU.ActiveCfg = Debug|Any CPU
		{1C0EF09E-5645-8E1D-A718-027666F068DF}.Debug|Any CPU.Build.0 = Debug|Any CPU
		{1C0EF09E-5645-8E1D-A718-027666F068DF}.Release|Any CPU.ActiveCfg = Release|Any CPU
		{1C0EF09E-5645-8E1D-A718-027666F068DF}.Release|Any CPU.Build.0 = Release|Any CPU
		{A2A920FA-3E56-2731-5F6B-825748658FDE}.Debug|Any CPU.ActiveCfg = Debug|Any CPU
		{A2A920FA-3E56-2731-5F6B-825748658FDE}.Debug|Any CPU.Build.0 = Debug|Any CPU
		{A2A920FA-3E56-2731-5F6B-825748658FDE}.Release|Any CPU.ActiveCfg = Release|Any CPU
		{A2A920FA-3E56-2731-5F6B-825748658FDE}.Release|Any CPU.Build.0 = Release|Any CPU
		{345D4C6E-35CA-FA3B-15B0-D1C59ADB5D06}.Debug|Any CPU.ActiveCfg = Debug|Any CPU
		{345D4C6E-35CA-FA3B-15B0-D1C59ADB5D06}.Debug|Any CPU.Build.0 = Debug|Any CPU
		{345D4C6E-35CA-FA3B-15B0-D1C59ADB5D06}.Release|Any CPU.ActiveCfg = Release|Any CPU
		{345D4C6E-35CA-FA3B-15B0-D1C59ADB5D06}.Release|Any CPU.Build.0 = Release|Any CPU
		{60B83C9A-1F9A-B844-98E9-D2CDC6C94306}.Debug|Any CPU.ActiveCfg = Debug|Any CPU
		{60B83C9A-1F9A-B844-98E9-D2CDC6C94306}.Debug|Any CPU.Build.0 = Debug|Any CPU
		{60B83C9A-1F9A-B844-98E9-D2CDC6C94306}.Release|Any CPU.ActiveCfg = Release|Any CPU
		{60B83C9A-1F9A-B844-98E9-D2CDC6C94306}.Release|Any CPU.Build.0 = Release|Any CPU
		{7DEF6A80-FCE2-DB17-A526-EDA8050CE0F5}.Debug|Any CPU.ActiveCfg = Debug|Any CPU
		{7DEF6A80-FCE2-DB17-A526-EDA8050CE0F5}.Debug|Any CPU.Build.0 = Debug|Any CPU
		{7DEF6A80-FCE2-DB17-A526-EDA8050CE0F5}.Release|Any CPU.ActiveCfg = Release|Any CPU
		{7DEF6A80-FCE2-DB17-A526-EDA8050CE0F5}.Release|Any CPU.Build.0 = Release|Any CPU
		{80331506-B24B-786D-BF7A-E288198C2F27}.Debug|Any CPU.ActiveCfg = Debug|Any CPU
		{80331506-B24B-786D-BF7A-E288198C2F27}.Debug|Any CPU.Build.0 = Debug|Any CPU
		{80331506-B24B-786D-BF7A-E288198C2F27}.Release|Any CPU.ActiveCfg = Release|Any CPU
		{80331506-B24B-786D-BF7A-E288198C2F27}.Release|Any CPU.Build.0 = Release|Any CPU
		{9BD22798-4D39-8F7A-D3ED-234715703398}.Debug|Any CPU.ActiveCfg = Debug|Any CPU
		{9BD22798-4D39-8F7A-D3ED-234715703398}.Debug|Any CPU.Build.0 = Debug|Any CPU
		{9BD22798-4D39-8F7A-D3ED-234715703398}.Release|Any CPU.ActiveCfg = Release|Any CPU
		{9BD22798-4D39-8F7A-D3ED-234715703398}.Release|Any CPU.Build.0 = Release|Any CPU
		{739F9313-0F86-2FC1-C241-455B2F0D1199}.Debug|Any CPU.ActiveCfg = Debug|Any CPU
		{739F9313-0F86-2FC1-C241-455B2F0D1199}.Debug|Any CPU.Build.0 = Debug|Any CPU
		{739F9313-0F86-2FC1-C241-455B2F0D1199}.Release|Any CPU.ActiveCfg = Release|Any CPU
		{739F9313-0F86-2FC1-C241-455B2F0D1199}.Release|Any CPU.Build.0 = Release|Any CPU
		{E5242E9D-2406-05CF-06C0-B0F2632E08E4}.Debug|Any CPU.ActiveCfg = Debug|Any CPU
		{E5242E9D-2406-05CF-06C0-B0F2632E08E4}.Debug|Any CPU.Build.0 = Debug|Any CPU
		{E5242E9D-2406-05CF-06C0-B0F2632E08E4}.Release|Any CPU.ActiveCfg = Release|Any CPU
		{E5242E9D-2406-05CF-06C0-B0F2632E08E4}.Release|Any CPU.Build.0 = Release|Any CPU
		{1417819E-7579-0C63-468E-EC1B31CF57BE}.Debug|Any CPU.ActiveCfg = Debug|Any CPU
		{1417819E-7579-0C63-468E-EC1B31CF57BE}.Debug|Any CPU.Build.0 = Debug|Any CPU
		{1417819E-7579-0C63-468E-EC1B31CF57BE}.Release|Any CPU.ActiveCfg = Release|Any CPU
		{1417819E-7579-0C63-468E-EC1B31CF57BE}.Release|Any CPU.Build.0 = Release|Any CPU
		{44B2E1A1-6FEA-F3B0-25FF-04C25AB61880}.Debug|Any CPU.ActiveCfg = Debug|Any CPU
		{44B2E1A1-6FEA-F3B0-25FF-04C25AB61880}.Debug|Any CPU.Build.0 = Debug|Any CPU
		{44B2E1A1-6FEA-F3B0-25FF-04C25AB61880}.Release|Any CPU.ActiveCfg = Release|Any CPU
		{44B2E1A1-6FEA-F3B0-25FF-04C25AB61880}.Release|Any CPU.Build.0 = Release|Any CPU
		{B2E2438A-C177-D671-8628-60F2F0679965}.Debug|Any CPU.ActiveCfg = Debug|Any CPU
		{B2E2438A-C177-D671-8628-60F2F0679965}.Debug|Any CPU.Build.0 = Debug|Any CPU
		{B2E2438A-C177-D671-8628-60F2F0679965}.Release|Any CPU.ActiveCfg = Release|Any CPU
		{B2E2438A-C177-D671-8628-60F2F0679965}.Release|Any CPU.Build.0 = Release|Any CPU
		{7342B1C7-E334-A9A5-746D-0243675495AD}.Debug|Any CPU.ActiveCfg = Debug|Any CPU
		{7342B1C7-E334-A9A5-746D-0243675495AD}.Debug|Any CPU.Build.0 = Debug|Any CPU
		{7342B1C7-E334-A9A5-746D-0243675495AD}.Release|Any CPU.ActiveCfg = Release|Any CPU
		{7342B1C7-E334-A9A5-746D-0243675495AD}.Release|Any CPU.Build.0 = Release|Any CPU
		{28C1361E-37B9-839A-9EC8-E3284A8FBBFE}.Debug|Any CPU.ActiveCfg = Debug|Any CPU
		{28C1361E-37B9-839A-9EC8-E3284A8FBBFE}.Debug|Any CPU.Build.0 = Debug|Any CPU
		{28C1361E-37B9-839A-9EC8-E3284A8FBBFE}.Release|Any CPU.ActiveCfg = Release|Any CPU
		{28C1361E-37B9-839A-9EC8-E3284A8FBBFE}.Release|Any CPU.Build.0 = Release|Any CPU
		{5584354C-7719-AF33-7CB5-3824B4D6B31F}.Debug|Any CPU.ActiveCfg = Debug|Any CPU
		{5584354C-7719-AF33-7CB5-3824B4D6B31F}.Debug|Any CPU.Build.0 = Debug|Any CPU
		{5584354C-7719-AF33-7CB5-3824B4D6B31F}.Release|Any CPU.ActiveCfg = Release|Any CPU
		{5584354C-7719-AF33-7CB5-3824B4D6B31F}.Release|Any CPU.Build.0 = Release|Any CPU
		{CD4DE142-EC5E-3C3D-22ED-76D10730CDFA}.Debug|Any CPU.ActiveCfg = Debug|Any CPU
		{CD4DE142-EC5E-3C3D-22ED-76D10730CDFA}.Debug|Any CPU.Build.0 = Debug|Any CPU
		{CD4DE142-EC5E-3C3D-22ED-76D10730CDFA}.Release|Any CPU.ActiveCfg = Release|Any CPU
		{CD4DE142-EC5E-3C3D-22ED-76D10730CDFA}.Release|Any CPU.Build.0 = Release|Any CPU
		{871A21F3-8218-4BE4-8780-ACD440B24FAF}.Debug|Any CPU.ActiveCfg = Debug|Any CPU
		{871A21F3-8218-4BE4-8780-ACD440B24FAF}.Debug|Any CPU.Build.0 = Debug|Any CPU
		{871A21F3-8218-4BE4-8780-ACD440B24FAF}.Release|Any CPU.ActiveCfg = Release|Any CPU
		{871A21F3-8218-4BE4-8780-ACD440B24FAF}.Release|Any CPU.Build.0 = Release|Any CPU
		{7173CF65-DFDB-890A-D7B4-2951EAC07E4C}.Debug|Any CPU.ActiveCfg = Debug|Any CPU
		{7173CF65-DFDB-890A-D7B4-2951EAC07E4C}.Debug|Any CPU.Build.0 = Debug|Any CPU
		{7173CF65-DFDB-890A-D7B4-2951EAC07E4C}.Release|Any CPU.ActiveCfg = Release|Any CPU
		{7173CF65-DFDB-890A-D7B4-2951EAC07E4C}.Release|Any CPU.Build.0 = Release|Any CPU
		{A9C3F9BE-99FE-AFBC-8B6C-14EFAF2F8AAE}.Debug|Any CPU.ActiveCfg = Debug|Any CPU
		{A9C3F9BE-99FE-AFBC-8B6C-14EFAF2F8AAE}.Debug|Any CPU.Build.0 = Debug|Any CPU
		{A9C3F9BE-99FE-AFBC-8B6C-14EFAF2F8AAE}.Release|Any CPU.ActiveCfg = Release|Any CPU
		{A9C3F9BE-99FE-AFBC-8B6C-14EFAF2F8AAE}.Release|Any CPU.Build.0 = Release|Any CPU
		{F70E3F4C-FE44-A4AC-C691-CDE65DAB09AC}.Debug|Any CPU.ActiveCfg = Debug|Any CPU
		{F70E3F4C-FE44-A4AC-C691-CDE65DAB09AC}.Debug|Any CPU.Build.0 = Debug|Any CPU
		{F70E3F4C-FE44-A4AC-C691-CDE65DAB09AC}.Release|Any CPU.ActiveCfg = Release|Any CPU
		{F70E3F4C-FE44-A4AC-C691-CDE65DAB09AC}.Release|Any CPU.Build.0 = Release|Any CPU
		{DF90A879-26CA-77AC-C5FD-33CF54B89918}.Debug|Any CPU.ActiveCfg = Debug|Any CPU
		{DF90A879-26CA-77AC-C5FD-33CF54B89918}.Debug|Any CPU.Build.0 = Debug|Any CPU
		{DF90A879-26CA-77AC-C5FD-33CF54B89918}.Release|Any CPU.ActiveCfg = Release|Any CPU
		{DF90A879-26CA-77AC-C5FD-33CF54B89918}.Release|Any CPU.Build.0 = Release|Any CPU
		{5BD038A5-AE8C-BD10-C68F-89E0F2F1BF3A}.Debug|Any CPU.ActiveCfg = Debug|Any CPU
		{5BD038A5-AE8C-BD10-C68F-89E0F2F1BF3A}.Debug|Any CPU.Build.0 = Debug|Any CPU
		{5BD038A5-AE8C-BD10-C68F-89E0F2F1BF3A}.Release|Any CPU.ActiveCfg = Release|Any CPU
		{5BD038A5-AE8C-BD10-C68F-89E0F2F1BF3A}.Release|Any CPU.Build.0 = Release|Any CPU
		{1915ADE5-4AF3-A5B7-B7F4-36EC3E9EABF5}.Debug|Any CPU.ActiveCfg = Debug|Any CPU
		{1915ADE5-4AF3-A5B7-B7F4-36EC3E9EABF5}.Debug|Any CPU.Build.0 = Debug|Any CPU
		{1915ADE5-4AF3-A5B7-B7F4-36EC3E9EABF5}.Release|Any CPU.ActiveCfg = Release|Any CPU
		{1915ADE5-4AF3-A5B7-B7F4-36EC3E9EABF5}.Release|Any CPU.Build.0 = Release|Any CPU
		{182CDB1B-1662-36EC-682B-A2C3C5CFA6DF}.Debug|Any CPU.ActiveCfg = Debug|Any CPU
		{182CDB1B-1662-36EC-682B-A2C3C5CFA6DF}.Debug|Any CPU.Build.0 = Debug|Any CPU
		{182CDB1B-1662-36EC-682B-A2C3C5CFA6DF}.Release|Any CPU.ActiveCfg = Release|Any CPU
		{182CDB1B-1662-36EC-682B-A2C3C5CFA6DF}.Release|Any CPU.Build.0 = Release|Any CPU
		{954B4D63-1943-0637-F8A2-6E74B3F493BE}.Debug|Any CPU.ActiveCfg = Debug|Any CPU
		{954B4D63-1943-0637-F8A2-6E74B3F493BE}.Debug|Any CPU.Build.0 = Debug|Any CPU
		{954B4D63-1943-0637-F8A2-6E74B3F493BE}.Release|Any CPU.ActiveCfg = Release|Any CPU
		{954B4D63-1943-0637-F8A2-6E74B3F493BE}.Release|Any CPU.Build.0 = Release|Any CPU
		{2DC78FCA-C568-CC0A-6BE8-1ECEB278670F}.Debug|Any CPU.ActiveCfg = Debug|Any CPU
		{2DC78FCA-C568-CC0A-6BE8-1ECEB278670F}.Debug|Any CPU.Build.0 = Debug|Any CPU
		{2DC78FCA-C568-CC0A-6BE8-1ECEB278670F}.Release|Any CPU.ActiveCfg = Release|Any CPU
		{2DC78FCA-C568-CC0A-6BE8-1ECEB278670F}.Release|Any CPU.Build.0 = Release|Any CPU
	EndGlobalSection
	GlobalSection(SolutionProperties) = preSolution
		HideSolutionNode = FALSE
	EndGlobalSection
EndGlobal
